
Microsoft Visual Studio Solution File, Format Version 12.00
# Visual Studio 15
VisualStudioVersion = 15.0.27130.2027
MinimumVisualStudioVersion = 10.0.40219.1
Project("{2150E333-8FDC-42A3-9474-1A3956D46DE8}") = "Solution Items", "Solution Items", "{B1156D0E-1C7E-409F-B792-D94B6BD81B0D}"
	ProjectSection(SolutionItems) = preProject
		paket.dependencies = paket.dependencies
	EndProjectSection
EndProject
Project("{F2A71F9B-5D33-465A-A702-920D77279786}") = "ALANNStreams", "ALANNStreams\ALANNStreams.fsproj", "{82DFBDF2-260E-4B89-A76E-EAB235BACDA7}"
EndProject
Project("{FAE04EC0-301F-11D3-BF4B-00C04F79EFBC}") = "ALANNUI", "ALANNUI\ALANNUI.csproj", "{FFD36D6E-3EC8-4948-B862-FB33A86AEA9F}"
EndProject
Project("{FAE04EC0-301F-11D3-BF4B-00C04F79EFBC}") = "PriorityBuffer", "PriorityBuffer\PriorityBuffer.csproj", "{8FF474B1-D6A9-469D-B960-EFFC8486F4AA}"
EndProject
Project("{FAE04EC0-301F-11D3-BF4B-00C04F79EFBC}") = "UDPTester", "UDPTester\UDPTester.csproj", "{51D3BADF-6D87-4FF9-A48A-A2854C9D6075}"
EndProject
Project("{FAE04EC0-301F-11D3-BF4B-00C04F79EFBC}") = "Pong2", "Pong2\Pong2.csproj", "{623C18E4-623B-4BB2-9B68-E43C04CED445}"
EndProject
Global
	GlobalSection(Performance) = preSolution
		HasPerformanceSessions = true
	EndGlobalSection
	GlobalSection(SolutionConfigurationPlatforms) = preSolution
		Debug|Any CPU = Debug|Any CPU
		Debug|x64 = Debug|x64
		Debug|x86 = Debug|x86
		Release|Any CPU = Release|Any CPU
		Release|x64 = Release|x64
		Release|x86 = Release|x86
	EndGlobalSection
	GlobalSection(ProjectConfigurationPlatforms) = postSolution
		{82DFBDF2-260E-4B89-A76E-EAB235BACDA7}.Debug|Any CPU.ActiveCfg = Debug|Any CPU
		{82DFBDF2-260E-4B89-A76E-EAB235BACDA7}.Debug|Any CPU.Build.0 = Debug|Any CPU
		{82DFBDF2-260E-4B89-A76E-EAB235BACDA7}.Debug|x64.ActiveCfg = Debug|Any CPU
		{82DFBDF2-260E-4B89-A76E-EAB235BACDA7}.Debug|x64.Build.0 = Debug|Any CPU
		{82DFBDF2-260E-4B89-A76E-EAB235BACDA7}.Debug|x86.ActiveCfg = Debug|Any CPU
		{82DFBDF2-260E-4B89-A76E-EAB235BACDA7}.Debug|x86.Build.0 = Debug|Any CPU
		{82DFBDF2-260E-4B89-A76E-EAB235BACDA7}.Release|Any CPU.ActiveCfg = Release|Any CPU
		{82DFBDF2-260E-4B89-A76E-EAB235BACDA7}.Release|Any CPU.Build.0 = Release|Any CPU
		{82DFBDF2-260E-4B89-A76E-EAB235BACDA7}.Release|x64.ActiveCfg = Release|Any CPU
		{82DFBDF2-260E-4B89-A76E-EAB235BACDA7}.Release|x64.Build.0 = Release|Any CPU
		{82DFBDF2-260E-4B89-A76E-EAB235BACDA7}.Release|x86.ActiveCfg = Release|Any CPU
		{82DFBDF2-260E-4B89-A76E-EAB235BACDA7}.Release|x86.Build.0 = Release|Any CPU
		{FFD36D6E-3EC8-4948-B862-FB33A86AEA9F}.Debug|Any CPU.ActiveCfg = Debug|Any CPU
		{FFD36D6E-3EC8-4948-B862-FB33A86AEA9F}.Debug|Any CPU.Build.0 = Debug|Any CPU
		{FFD36D6E-3EC8-4948-B862-FB33A86AEA9F}.Debug|x64.ActiveCfg = Debug|Any CPU
		{FFD36D6E-3EC8-4948-B862-FB33A86AEA9F}.Debug|x64.Build.0 = Debug|Any CPU
		{FFD36D6E-3EC8-4948-B862-FB33A86AEA9F}.Debug|x86.ActiveCfg = Debug|Any CPU
		{FFD36D6E-3EC8-4948-B862-FB33A86AEA9F}.Debug|x86.Build.0 = Debug|Any CPU
		{FFD36D6E-3EC8-4948-B862-FB33A86AEA9F}.Release|Any CPU.ActiveCfg = Release|Any CPU
		{FFD36D6E-3EC8-4948-B862-FB33A86AEA9F}.Release|Any CPU.Build.0 = Release|Any CPU
		{FFD36D6E-3EC8-4948-B862-FB33A86AEA9F}.Release|x64.ActiveCfg = Release|Any CPU
		{FFD36D6E-3EC8-4948-B862-FB33A86AEA9F}.Release|x64.Build.0 = Release|Any CPU
		{FFD36D6E-3EC8-4948-B862-FB33A86AEA9F}.Release|x86.ActiveCfg = Release|Any CPU
		{FFD36D6E-3EC8-4948-B862-FB33A86AEA9F}.Release|x86.Build.0 = Release|Any CPU
		{8FF474B1-D6A9-469D-B960-EFFC8486F4AA}.Debug|Any CPU.ActiveCfg = Debug|Any CPU
		{8FF474B1-D6A9-469D-B960-EFFC8486F4AA}.Debug|Any CPU.Build.0 = Debug|Any CPU
		{8FF474B1-D6A9-469D-B960-EFFC8486F4AA}.Debug|x64.ActiveCfg = Debug|Any CPU
		{8FF474B1-D6A9-469D-B960-EFFC8486F4AA}.Debug|x64.Build.0 = Debug|Any CPU
		{8FF474B1-D6A9-469D-B960-EFFC8486F4AA}.Debug|x86.ActiveCfg = Debug|Any CPU
		{8FF474B1-D6A9-469D-B960-EFFC8486F4AA}.Debug|x86.Build.0 = Debug|Any CPU
		{8FF474B1-D6A9-469D-B960-EFFC8486F4AA}.Release|Any CPU.ActiveCfg = Release|Any CPU
		{8FF474B1-D6A9-469D-B960-EFFC8486F4AA}.Release|Any CPU.Build.0 = Release|Any CPU
		{8FF474B1-D6A9-469D-B960-EFFC8486F4AA}.Release|x64.ActiveCfg = Release|Any CPU
		{8FF474B1-D6A9-469D-B960-EFFC8486F4AA}.Release|x64.Build.0 = Release|Any CPU
		{8FF474B1-D6A9-469D-B960-EFFC8486F4AA}.Release|x86.ActiveCfg = Release|Any CPU
		{8FF474B1-D6A9-469D-B960-EFFC8486F4AA}.Release|x86.Build.0 = Release|Any CPU
		{51D3BADF-6D87-4FF9-A48A-A2854C9D6075}.Debug|Any CPU.ActiveCfg = Debug|Any CPU
		{51D3BADF-6D87-4FF9-A48A-A2854C9D6075}.Debug|Any CPU.Build.0 = Debug|Any CPU
		{51D3BADF-6D87-4FF9-A48A-A2854C9D6075}.Debug|x64.ActiveCfg = Debug|Any CPU
		{51D3BADF-6D87-4FF9-A48A-A2854C9D6075}.Debug|x64.Build.0 = Debug|Any CPU
		{51D3BADF-6D87-4FF9-A48A-A2854C9D6075}.Debug|x86.ActiveCfg = Debug|Any CPU
		{51D3BADF-6D87-4FF9-A48A-A2854C9D6075}.Debug|x86.Build.0 = Debug|Any CPU
		{51D3BADF-6D87-4FF9-A48A-A2854C9D6075}.Release|Any CPU.ActiveCfg = Release|Any CPU
		{51D3BADF-6D87-4FF9-A48A-A2854C9D6075}.Release|Any CPU.Build.0 = Release|Any CPU
		{51D3BADF-6D87-4FF9-A48A-A2854C9D6075}.Release|x64.ActiveCfg = Release|Any CPU
		{51D3BADF-6D87-4FF9-A48A-A2854C9D6075}.Release|x64.Build.0 = Release|Any CPU
		{51D3BADF-6D87-4FF9-A48A-A2854C9D6075}.Release|x86.ActiveCfg = Release|Any CPU
		{51D3BADF-6D87-4FF9-A48A-A2854C9D6075}.Release|x86.Build.0 = Release|Any CPU
		{623C18E4-623B-4BB2-9B68-E43C04CED445}.Debug|Any CPU.ActiveCfg = Debug|Any CPU
		{623C18E4-623B-4BB2-9B68-E43C04CED445}.Debug|Any CPU.Build.0 = Debug|Any CPU
		{623C18E4-623B-4BB2-9B68-E43C04CED445}.Debug|x64.ActiveCfg = Debug|Any CPU
		{623C18E4-623B-4BB2-9B68-E43C04CED445}.Debug|x64.Build.0 = Debug|Any CPU
		{623C18E4-623B-4BB2-9B68-E43C04CED445}.Debug|x86.ActiveCfg = Debug|Any CPU
		{623C18E4-623B-4BB2-9B68-E43C04CED445}.Debug|x86.Build.0 = Debug|Any CPU
		{623C18E4-623B-4BB2-9B68-E43C04CED445}.Release|Any CPU.ActiveCfg = Release|Any CPU
		{623C18E4-623B-4BB2-9B68-E43C04CED445}.Release|Any CPU.Build.0 = Release|Any CPU
		{623C18E4-623B-4BB2-9B68-E43C04CED445}.Release|x64.ActiveCfg = Release|Any CPU
		{623C18E4-623B-4BB2-9B68-E43C04CED445}.Release|x64.Build.0 = Release|Any CPU
		{623C18E4-623B-4BB2-9B68-E43C04CED445}.Release|x86.ActiveCfg = Release|Any CPU
		{623C18E4-623B-4BB2-9B68-E43C04CED445}.Release|x86.Build.0 = Release|Any CPU
	EndGlobalSection
	GlobalSection(SolutionProperties) = preSolution
		HideSolutionNode = FALSE
	EndGlobalSection
	GlobalSection(ExtensibilityGlobals) = postSolution
		SolutionGuid = {26ADACD3-99B5-40E3-A579-070B78F82A97}
	EndGlobalSection
	GlobalSection(Performance) = preSolution
		HasPerformanceSessions = true
	EndGlobalSection
	GlobalSection(Performance) = preSolution
		HasPerformanceSessions = true
	EndGlobalSection
EndGlobal
