
Microsoft Visual Studio Solution File, Format Version 12.00
# Visual Studio 15
VisualStudioVersion = 15.0.26124.0
MinimumVisualStudioVersion = 15.0.26124.0
Project("{F2A71F9B-5D33-465A-A702-920D77279786}") = "ALANNStreamsDotNetCore", "ALANNStreams\ALANNStreamsDotNetCore.fsproj", "{FA11BCED-56FC-49E6-A157-931AAAB17CB8}"
EndProject
Project("{FAE04EC0-301F-11D3-BF4B-00C04F79EFBC}") = "PriorityBufferDotNetCore", "PriorityBuffer\PriorityBufferDotNetCore.csproj", "{6E6D1A9E-D0D1-4BBD-A57D-4E17DA5FBA18}"
EndProject
Project("{FAE04EC0-301F-11D3-BF4B-00C04F79EFBC}") = "ALANNShell2DotNetCore", "ALANNShell2\ALANNShellDotNetCore.csproj", "{21B46D56-E54B-4048-B66B-3B65B9E58924}"
EndProject
Global
	GlobalSection(SolutionConfigurationPlatforms) = preSolution
		Debug|Any CPU = Debug|Any CPU
		Debug|x64 = Debug|x64
		Debug|x86 = Debug|x86
		Release|Any CPU = Release|Any CPU
		Release|x64 = Release|x64
		Release|x86 = Release|x86
	EndGlobalSection
	GlobalSection(SolutionProperties) = preSolution
		HideSolutionNode = FALSE
	EndGlobalSection
	GlobalSection(ProjectConfigurationPlatforms) = postSolution
		{FA11BCED-56FC-49E6-A157-931AAAB17CB8}.Debug|Any CPU.ActiveCfg = Debug|Any CPU
		{FA11BCED-56FC-49E6-A157-931AAAB17CB8}.Debug|Any CPU.Build.0 = Debug|Any CPU
		{FA11BCED-56FC-49E6-A157-931AAAB17CB8}.Debug|x64.ActiveCfg = Debug|Any CPU
		{FA11BCED-56FC-49E6-A157-931AAAB17CB8}.Debug|x64.Build.0 = Debug|Any CPU
		{FA11BCED-56FC-49E6-A157-931AAAB17CB8}.Debug|x86.ActiveCfg = Debug|Any CPU
		{FA11BCED-56FC-49E6-A157-931AAAB17CB8}.Debug|x86.Build.0 = Debug|Any CPU
		{FA11BCED-56FC-49E6-A157-931AAAB17CB8}.Release|Any CPU.ActiveCfg = Release|Any CPU
		{FA11BCED-56FC-49E6-A157-931AAAB17CB8}.Release|Any CPU.Build.0 = Release|Any CPU
		{FA11BCED-56FC-49E6-A157-931AAAB17CB8}.Release|x64.ActiveCfg = Release|Any CPU
		{FA11BCED-56FC-49E6-A157-931AAAB17CB8}.Release|x64.Build.0 = Release|Any CPU
		{FA11BCED-56FC-49E6-A157-931AAAB17CB8}.Release|x86.ActiveCfg = Release|Any CPU
		{FA11BCED-56FC-49E6-A157-931AAAB17CB8}.Release|x86.Build.0 = Release|Any CPU
		{6E6D1A9E-D0D1-4BBD-A57D-4E17DA5FBA18}.Debug|Any CPU.ActiveCfg = Debug|Any CPU
		{6E6D1A9E-D0D1-4BBD-A57D-4E17DA5FBA18}.Debug|Any CPU.Build.0 = Debug|Any CPU
		{6E6D1A9E-D0D1-4BBD-A57D-4E17DA5FBA18}.Debug|x64.ActiveCfg = Debug|Any CPU
		{6E6D1A9E-D0D1-4BBD-A57D-4E17DA5FBA18}.Debug|x64.Build.0 = Debug|Any CPU
		{6E6D1A9E-D0D1-4BBD-A57D-4E17DA5FBA18}.Debug|x86.ActiveCfg = Debug|Any CPU
		{6E6D1A9E-D0D1-4BBD-A57D-4E17DA5FBA18}.Debug|x86.Build.0 = Debug|Any CPU
		{6E6D1A9E-D0D1-4BBD-A57D-4E17DA5FBA18}.Release|Any CPU.ActiveCfg = Release|Any CPU
		{6E6D1A9E-D0D1-4BBD-A57D-4E17DA5FBA18}.Release|Any CPU.Build.0 = Release|Any CPU
		{6E6D1A9E-D0D1-4BBD-A57D-4E17DA5FBA18}.Release|x64.ActiveCfg = Release|Any CPU
		{6E6D1A9E-D0D1-4BBD-A57D-4E17DA5FBA18}.Release|x64.Build.0 = Release|Any CPU
		{6E6D1A9E-D0D1-4BBD-A57D-4E17DA5FBA18}.Release|x86.ActiveCfg = Release|Any CPU
		{6E6D1A9E-D0D1-4BBD-A57D-4E17DA5FBA18}.Release|x86.Build.0 = Release|Any CPU
		{21B46D56-E54B-4048-B66B-3B65B9E58924}.Debug|Any CPU.ActiveCfg = Debug|Any CPU
		{21B46D56-E54B-4048-B66B-3B65B9E58924}.Debug|Any CPU.Build.0 = Debug|Any CPU
		{21B46D56-E54B-4048-B66B-3B65B9E58924}.Debug|x64.ActiveCfg = Debug|Any CPU
		{21B46D56-E54B-4048-B66B-3B65B9E58924}.Debug|x64.Build.0 = Debug|Any CPU
		{21B46D56-E54B-4048-B66B-3B65B9E58924}.Debug|x86.ActiveCfg = Debug|Any CPU
		{21B46D56-E54B-4048-B66B-3B65B9E58924}.Debug|x86.Build.0 = Debug|Any CPU
		{21B46D56-E54B-4048-B66B-3B65B9E58924}.Release|Any CPU.ActiveCfg = Release|Any CPU
		{21B46D56-E54B-4048-B66B-3B65B9E58924}.Release|Any CPU.Build.0 = Release|Any CPU
		{21B46D56-E54B-4048-B66B-3B65B9E58924}.Release|x64.ActiveCfg = Release|Any CPU
		{21B46D56-E54B-4048-B66B-3B65B9E58924}.Release|x64.Build.0 = Release|Any CPU
		{21B46D56-E54B-4048-B66B-3B65B9E58924}.Release|x86.ActiveCfg = Release|Any CPU
		{21B46D56-E54B-4048-B66B-3B65B9E58924}.Release|x86.Build.0 = Release|Any CPU
	EndGlobalSection
EndGlobal
